{
  "name": "herald-chat-react",
  "version": "0.1.0",
  "lockfileVersion": 3,
  "requires": true,
  "packages": {
    "": {
      "name": "herald-chat-react",
      "version": "0.1.0",
      "devDependencies": {
        "@types/react": "^19.0.0",
        "herald-chat": "file:../herald-chat-core",
        "herald-chat-sdk": "file:../herald-chat-sdk-typescript",
        "herald-sdk": "file:../herald-sdk-typescript",
        "typescript": "^5.7.0"
      },
      "peerDependencies": {
        "herald-chat": "^0.1.0",
        "herald-chat-sdk": "^0.1.0",
        "react": "^18.0.0 || ^19.0.0"
      }
    },
    "../herald-chat-core": {
      "name": "herald-chat",
      "version": "0.1.0",
      "dev": true,
      "devDependencies": {
        "herald-chat-sdk": "file:../herald-chat-sdk-typescript",
        "herald-sdk": "file:../herald-sdk-typescript",
        "tsx": "^4.21.0",
        "typescript": "^5.7.0"
      },
      "peerDependencies": {
        "herald-chat-sdk": "^0.1.0",
        "herald-sdk": "^2.0.0"
      }
    },
    "../herald-chat-sdk-typescript": {
      "name": "herald-chat-sdk",
      "version": "0.1.0",
      "dev": true,
      "devDependencies": {
        "herald-sdk": "file:../herald-sdk-typescript",
        "tsx": "^4.21.0",
        "typescript": "^5.7.0"
      },
      "peerDependencies": {
        "herald-sdk": "^2.0.0"
      }
    },
    "../herald-sdk-typescript": {
      "name": "herald-sdk",
      "version": "2.0.0",
      "dev": true,
      "devDependencies": {
        "tsx": "^4.21.0",
        "typescript": "^5.7.0"
      }
    },
    "node_modules/@types/react": {
      "version": "19.2.14",
      "resolved": "https://registry.npmjs.org/@types/react/-/react-19.2.14.tgz",
      "integrity": "sha512-ilcTH/UniCkMdtexkoCN0bI7pMcJDvmQFPvuPvmEaYA/NSfFTAgdUSLAoVjaRJm7+6PvcM+q1zYOwS4wTYMF9w==",
      "dev": true,
      "license": "MIT",
      "dependencies": {
        "csstype": "^3.2.2"
      }
    },
    "node_modules/csstype": {
      "version": "3.2.3",
      "resolved": "https://registry.npmjs.org/csstype/-/csstype-3.2.3.tgz",
      "integrity": "sha512-z1HGKcYy2xA8AGQfwrn0PAy+PB7X/GSj3UVJW9qKyn43xWa+gl5nXmU4qqLMRzWVLFC8KusUX8T/0kCiOYpAIQ==",
      "dev": true,
      "license": "MIT"
    },
    "node_modules/herald-chat": {
      "resolved": "../herald-chat-core",
      "link": true
    },
    "node_modules/herald-chat-sdk": {
      "resolved": "../herald-chat-sdk-typescript",
      "link": true
    },
    "node_modules/herald-sdk": {
      "resolved": "../herald-sdk-typescript",
      "link": true
    },
    "node_modules/react": {
      "version": "19.2.4",
      "resolved": "https://registry.npmjs.org/react/-/react-19.2.4.tgz",
      "integrity": "sha512-9nfp2hYpCwOjAN+8TZFGhtWEwgvWHXqESH8qT89AT/lWklpLON22Lc8pEtnpsZz7VmawabSU0gCjnj8aC0euHQ==",
      "license": "MIT",
      "peer": true,
      "engines": {
        "node": ">=0.10.0"
      }
    },
    "node_modules/typescript": {
      "version": "5.9.3",
      "resolved": "https://registry.npmjs.org/typescript/-/typescript-5.9.3.tgz",
      "integrity": "sha512-jl1vZzPDinLr9eUt3J/t7V6FgNEw9QjvBPdysz9KfQDD41fQrC2Y4vKQdiaUpFT4bXlb1RHhLpp8wtm6M5TgSw==",
      "dev": true,
      "license": "Apache-2.0",
      "bin": {
        "tsc": "bin/tsc",
        "tsserver": "bin/tsserver"
      },
      "engines": {
        "node": ">=14.17"
      }
    }
  }
}
